{
  "name": "reader",
  "lockfileVersion": 2,
  "requires": true,
  "packages": {
    "": {
      "dependencies": {
        "@mozilla/readability": "^0.4.1",
        "lean-wrap": "^0.3.6"
      }
    },
    "node_modules/@mozilla/readability": {
      "version": "0.4.1",
      "resolved": "https://registry.npmjs.org/@mozilla/readability/-/readability-0.4.1.tgz",
      "integrity": "sha512-yar/f0w0fRUVM895s6yd5Z2oIxjG/6c3ROB/uQboSOBaDlri/nqI4aKtdqrldWciTLcdpjB2Z6MiVF2Bl9b8LA==",
      "engines": {
        "node": ">=10.0.0"
      }
    },
    "node_modules/lean-wrap": {
      "version": "0.3.6",
      "resolved": "https://registry.npmjs.org/lean-wrap/-/lean-wrap-0.3.6.tgz",
      "integrity": "sha512-+XDrbHTZPwBtXjAoPSb6uliAgQr0uoppcTb+qSrsWE5AbQaFXGvHjr31fgLjEzMX0ThjnZ3od8bttVy7DI+UGw=="
    }
  },
  "dependencies": {
    "@mozilla/readability": {
      "version": "0.4.1",
      "resolved": "https://registry.npmjs.org/@mozilla/readability/-/readability-0.4.1.tgz",
      "integrity": "sha512-yar/f0w0fRUVM895s6yd5Z2oIxjG/6c3ROB/uQboSOBaDlri/nqI4aKtdqrldWciTLcdpjB2Z6MiVF2Bl9b8LA=="
    },
    "lean-wrap": {
      "version": "0.3.6",
      "resolved": "https://registry.npmjs.org/lean-wrap/-/lean-wrap-0.3.6.tgz",
      "integrity": "sha512-+XDrbHTZPwBtXjAoPSb6uliAgQr0uoppcTb+qSrsWE5AbQaFXGvHjr31fgLjEzMX0ThjnZ3od8bttVy7DI+UGw=="
    }
  }
}
